
Microsoft Visual Studio Solution File, Format Version 12.00
# Visual Studio 15
VisualStudioVersion = 15.0.27004.2005
MinimumVisualStudioVersion = 10.0.40219.1
Project("{FAE04EC0-301F-11D3-BF4B-00C04F79EFBC}") = "ClientUI", "src\ClientUI\ClientUI.csproj", "{003BB7E9-E722-4801-B374-3CB4A0033194}"
EndProject
Project("{FAE04EC0-301F-11D3-BF4B-00C04F79EFBC}") = "Messages", "src\Messages\Messages.csproj", "{98C6C588-2148-4183-9C0A-0C7F823F9952}"
EndProject
Project("{FAE04EC0-301F-11D3-BF4B-00C04F79EFBC}") = "Sales", "src\Sales\Sales.csproj", "{3B20DA34-B844-4CD1-B7FF-CDDD7FE1D7BD}"
EndProject
Project("{FAE04EC0-301F-11D3-BF4B-00C04F79EFBC}") = "NServiceBus.Helpers", "src\NServiceBus.Helpers\NServiceBus.Helpers.csproj", "{7189AB31-2854-4D8D-B29E-1C7A6431A569}"
EndProject
Project("{2150E333-8FDC-42A3-9474-1A3956D46DE8}") = "Shared", "Shared", "{83A10245-82E7-45DC-AE56-BF390B312FA0}"
	ProjectSection(SolutionItems) = preProject
		src\Shared\VersionInfo.cs = src\Shared\VersionInfo.cs
	EndProjectSection
EndProject
Global
	GlobalSection(SolutionConfigurationPlatforms) = preSolution
		Debug|Any CPU = Debug|Any CPU
		Release|Any CPU = Release|Any CPU
	EndGlobalSection
	GlobalSection(ProjectConfigurationPlatforms) = postSolution
		{003BB7E9-E722-4801-B374-3CB4A0033194}.Debug|Any CPU.ActiveCfg = Debug|Any CPU
		{003BB7E9-E722-4801-B374-3CB4A0033194}.Debug|Any CPU.Build.0 = Debug|Any CPU
		{003BB7E9-E722-4801-B374-3CB4A0033194}.Release|Any CPU.ActiveCfg = Release|Any CPU
		{003BB7E9-E722-4801-B374-3CB4A0033194}.Release|Any CPU.Build.0 = Release|Any CPU
		{98C6C588-2148-4183-9C0A-0C7F823F9952}.Debug|Any CPU.ActiveCfg = Debug|Any CPU
		{98C6C588-2148-4183-9C0A-0C7F823F9952}.Debug|Any CPU.Build.0 = Debug|Any CPU
		{98C6C588-2148-4183-9C0A-0C7F823F9952}.Release|Any CPU.ActiveCfg = Release|Any CPU
		{98C6C588-2148-4183-9C0A-0C7F823F9952}.Release|Any CPU.Build.0 = Release|Any CPU
		{3B20DA34-B844-4CD1-B7FF-CDDD7FE1D7BD}.Debug|Any CPU.ActiveCfg = Debug|Any CPU
		{3B20DA34-B844-4CD1-B7FF-CDDD7FE1D7BD}.Debug|Any CPU.Build.0 = Debug|Any CPU
		{3B20DA34-B844-4CD1-B7FF-CDDD7FE1D7BD}.Release|Any CPU.ActiveCfg = Release|Any CPU
		{3B20DA34-B844-4CD1-B7FF-CDDD7FE1D7BD}.Release|Any CPU.Build.0 = Release|Any CPU
		{7189AB31-2854-4D8D-B29E-1C7A6431A569}.Debug|Any CPU.ActiveCfg = Debug|Any CPU
		{7189AB31-2854-4D8D-B29E-1C7A6431A569}.Debug|Any CPU.Build.0 = Debug|Any CPU
		{7189AB31-2854-4D8D-B29E-1C7A6431A569}.Release|Any CPU.ActiveCfg = Release|Any CPU
		{7189AB31-2854-4D8D-B29E-1C7A6431A569}.Release|Any CPU.Build.0 = Release|Any CPU
	EndGlobalSection
	GlobalSection(SolutionProperties) = preSolution
		HideSolutionNode = FALSE
	EndGlobalSection
	GlobalSection(ExtensibilityGlobals) = postSolution
		SolutionGuid = {4742D5FF-F47F-494F-B91B-D26E904CB6AE}
	EndGlobalSection
EndGlobal
